{
  "nodes": {
    "dev-atomi_classic": {
      "inputs": {
        "flake-utils": "flake-utils",
        "pkgs": "pkgs",
        "pkgs_25_Jul_2021": "pkgs_25_Jul_2021"
      },
      "locked": {
        "lastModified": 1689236000,
        "narHash": "sha256-MEqyIPlD4ueJji6FtfDs8qqZifM9hyYH1svBs3oxrrc=",
        "owner": "kirinnee",
        "repo": "test-nix-repo",
        "rev": "2d9d80544d2e81ff736fa23345ad0a9cc5a6c8ab",
        "type": "github"
      },
      "original": {
        "owner": "kirinnee",
        "ref": "classic",
        "repo": "test-nix-repo",
        "type": "github"
      }
    },
    "dev-npkgs": {
      "locked": {
        "lastModified": 1704290814,
        "narHash": "sha256-LWvKHp7kGxk/GEtlrGYV68qIvPHkU9iToomNFGagixU=",
        "owner": "nixos",
        "repo": "nixpkgs",
        "rev": "70bdadeb94ffc8806c0570eb5c2695ad29f0e421",
        "type": "github"
      },
      "original": {
        "owner": "nixos",
        "ref": "nixos-23.05",
        "repo": "nixpkgs",
        "type": "github"
      }
    },
    "dev-npkgs-unstable-05-Oct-2022": {
      "locked": {
        "lastModified": 1664847737,
        "narHash": "sha256-Wxl0CtRH3Vo8+qEZ/PbCcx+9D8wEEi56tJPmROum2ss=",
        "owner": "NixOS",
        "repo": "nixpkgs",
        "rev": "de80d1d04ee691279e1302a1128c082bbda3ab01",
        "type": "github"
      },
      "original": {
        "id": "nixpkgs",
        "rev": "de80d1d04ee691279e1302a1128c082bbda3ab01",
        "type": "indirect"
      }
    },
    "dev-npkgs-unstable-07-Feb-2024": {
      "locked": {
        "lastModified": 1707092692,
        "narHash": "sha256-ZbHsm+mGk/izkWtT4xwwqz38fdlwu7nUUKXTOmm4SyE=",
        "owner": "NixOS",
        "repo": "nixpkgs",
        "rev": "faf912b086576fd1a15fca610166c98d47bc667e",
        "type": "github"
      },
      "original": {
        "id": "nixpkgs",
        "rev": "faf912b086576fd1a15fca610166c98d47bc667e",
        "type": "indirect"
      }
    },
    "dev-npkgs-unstable-11-Dec-2022": {
      "locked": {
        "lastModified": 1670681895,
        "narHash": "sha256-kZH9DSU36W4fn1z81a/24JCGkU517TcY50VE0RFJ9k4=",
        "owner": "NixOS",
        "repo": "nixpkgs",
        "rev": "f82f0ec1b70b2879c3f3d9a1015a05c73a90a17c",
        "type": "github"
      },
      "original": {
        "id": "nixpkgs",
        "rev": "f82f0ec1b70b2879c3f3d9a1015a05c73a90a17c",
        "type": "indirect"
      }
    },
    "fenix": {
      "inputs": {
        "nixpkgs": "nixpkgs",
        "rust-analyzer-src": "rust-analyzer-src"
      },
      "locked": {
        "lastModified": 1706941198,
        "narHash": "sha256-t6/qloMYdknVJ9a3QzjylQIZnQfgefJ5kMim50B7dwA=",
        "owner": "nix-community",
        "repo": "fenix",
        "rev": "28dbd8b43ea328ee708f7da538c63e03d5ed93c8",
        "type": "github"
      },
      "original": {
        "owner": "nix-community",
        "repo": "fenix",
        "type": "github"
      }
    },
    "flake-utils": {
      "inputs": {
        "systems": "systems"
      },
      "locked": {
        "lastModified": 1689068808,
        "narHash": "sha256-6ixXo3wt24N/melDWjq70UuHQLxGV8jZvooRanIHXw0=",
        "owner": "numtide",
        "repo": "flake-utils",
        "rev": "919d646de7be200f3bf08cb76ae1f09402b6f9b4",
        "type": "github"
      },
      "original": {
        "owner": "numtide",
        "repo": "flake-utils",
        "type": "github"
      }
    },
    "flake-utils_2": {
      "inputs": {
        "systems": "systems_2"
      },
      "locked": {
        "lastModified": 1705309234,
        "narHash": "sha256-uNRRNRKmJyCRC/8y1RqBkqWBLM034y4qN7EprSdmgyA=",
        "owner": "numtide",
        "repo": "flake-utils",
        "rev": "1ef2e671c3b0c19053962c07dbda38332dcebf26",
        "type": "github"
      },
      "original": {
        "owner": "numtide",
        "repo": "flake-utils",
        "type": "github"
      }
    },
    "nixpkgs": {
      "locked": {
        "lastModified": 1706732774,
        "narHash": "sha256-hqJlyJk4MRpcItGYMF+3uHe8HvxNETWvlGtLuVpqLU0=",
        "owner": "nixos",
        "repo": "nixpkgs",
        "rev": "b8b232ae7b8b144397fdb12d20f592e5e7c1a64d",
        "type": "github"
      },
      "original": {
        "owner": "nixos",
        "ref": "nixos-unstable",
        "repo": "nixpkgs",
        "type": "github"
      }
    },
    "npkgs": {
      "locked": {
        "lastModified": 1704290814,
        "narHash": "sha256-LWvKHp7kGxk/GEtlrGYV68qIvPHkU9iToomNFGagixU=",
        "owner": "nixos",
        "repo": "nixpkgs",
        "rev": "70bdadeb94ffc8806c0570eb5c2695ad29f0e421",
        "type": "github"
      },
      "original": {
        "owner": "nixos",
        "ref": "nixos-23.05",
        "repo": "nixpkgs",
        "type": "github"
      }
    },
    "npkgs-unstable": {
      "locked": {
        "lastModified": 1707092692,
        "narHash": "sha256-ZbHsm+mGk/izkWtT4xwwqz38fdlwu7nUUKXTOmm4SyE=",
        "owner": "nixos",
        "repo": "nixpkgs",
        "rev": "faf912b086576fd1a15fca610166c98d47bc667e",
        "type": "github"
      },
      "original": {
        "owner": "nixos",
        "ref": "nixos-unstable",
        "repo": "nixpkgs",
        "type": "github"
      }
    },
    "pkgs": {
      "locked": {
        "lastModified": 1643805626,
        "narHash": "sha256-AXLDVMG+UaAGsGSpOtQHPIKB+IZ0KSd9WS77aanGzgc=",
        "owner": "NixOS",
        "repo": "nixpkgs",
        "rev": "554d2d8aa25b6e583575459c297ec23750adb6cb",
        "type": "github"
      },
      "original": {
        "id": "nixpkgs",
        "rev": "554d2d8aa25b6e583575459c297ec23750adb6cb",
        "type": "indirect"
      }
    },
    "pkgs_25_Jul_2021": {
      "locked": {
        "lastModified": 1627107260,
        "narHash": "sha256-CwvSwz3kvpp7uEFyOj2Dq6bdtY6P2N0Bzd7ZVgsIICw=",
        "owner": "NixOS",
        "repo": "nixpkgs",
        "rev": "537678cb1ead06fca831077c3b193566cbc3f406",
        "type": "github"
      },
      "original": {
        "id": "nixpkgs",
        "rev": "537678cb1ead06fca831077c3b193566cbc3f406",
        "type": "indirect"
      }
    },
    "root": {
      "inputs": {
        "dev-atomi_classic": "dev-atomi_classic",
        "dev-npkgs": "dev-npkgs",
        "dev-npkgs-unstable-05-Oct-2022": "dev-npkgs-unstable-05-Oct-2022",
        "dev-npkgs-unstable-07-Feb-2024": "dev-npkgs-unstable-07-Feb-2024",
        "dev-npkgs-unstable-11-Dec-2022": "dev-npkgs-unstable-11-Dec-2022",
        "fenix": "fenix",
        "flake-utils": "flake-utils_2",
        "npkgs": "npkgs",
        "npkgs-unstable": "npkgs-unstable"
      }
    },
    "rust-analyzer-src": {
      "flake": false,
      "locked": {
        "lastModified": 1706875368,
        "narHash": "sha256-KOBXxNurIU2lEmO6lR2A5El32X9x8ITt25McxKZ/Ew0=",
        "owner": "rust-lang",
        "repo": "rust-analyzer",
        "rev": "8f6a72871ec87ed53cfe43a09fb284168a284e7e",
        "type": "github"
      },
      "original": {
        "owner": "rust-lang",
        "ref": "nightly",
        "repo": "rust-analyzer",
        "type": "github"
      }
    },
    "systems": {
      "locked": {
        "lastModified": 1681028828,
        "narHash": "sha256-Vy1rq5AaRuLzOxct8nz4T6wlgyUR7zLU309k9mBC768=",
        "owner": "nix-systems",
        "repo": "default",
        "rev": "da67096a3b9bf56a91d16901293e51ba5b49a27e",
        "type": "github"
      },
      "original": {
        "owner": "nix-systems",
        "repo": "default",
        "type": "github"
      }
    },
    "systems_2": {
      "locked": {
        "lastModified": 1681028828,
        "narHash": "sha256-Vy1rq5AaRuLzOxct8nz4T6wlgyUR7zLU309k9mBC768=",
        "owner": "nix-systems",
        "repo": "default",
        "rev": "da67096a3b9bf56a91d16901293e51ba5b49a27e",
        "type": "github"
      },
      "original": {
        "owner": "nix-systems",
        "repo": "default",
        "type": "github"
      }
    }
  },
  "root": "root",
  "version": 7
}
